// !$*UTF8*$!
{
	archiveVersion = 1;
	classes = {
	};
	objectVersion = 46;
	objects = {

/* Begin PBXBuildFile section */
		3F287A651E9A08B200D848AB /* AppDelegate.swift in Sources */ = {isa = PBXBuildFile; fileRef = 3F287A641E9A08B200D848AB /* AppDelegate.swift */; };
		3F287A671E9A08B200D848AB /* ViewController.swift in Sources */ = {isa = PBXBuildFile; fileRef = 3F287A661E9A08B200D848AB /* ViewController.swift */; };
		3F287A6A1E9A08B200D848AB /* Main.storyboard in Resources */ = {isa = PBXBuildFile; fileRef = 3F287A681E9A08B200D848AB /* Main.storyboard */; };
		3F287A6C1E9A08B200D848AB /* Assets.xcassets in Resources */ = {isa = PBXBuildFile; fileRef = 3F287A6B1E9A08B200D848AB /* Assets.xcassets */; };
		3F287A6F1E9A08B200D848AB /* LaunchScreen.storyboard in Resources */ = {isa = PBXBuildFile; fileRef = 3F287A6D1E9A08B200D848AB /* LaunchScreen.storyboard */; };
		3F287A7C1E9A528F00D848AB /* DesignableView.swift in Sources */ = {isa = PBXBuildFile; fileRef = 3F287A7A1E9A528F00D848AB /* DesignableView.swift */; };
		3F287A7D1E9A528F00D848AB /* DesignableButton.swift in Sources */ = {isa = PBXBuildFile; fileRef = 3F287A7B1E9A528F00D848AB /* DesignableButton.swift */; };
		3F9DD7A91E9B5376008C4D00 /* UIViewAnimationExtension.swift in Sources */ = {isa = PBXBuildFile; fileRef = 3F9DD7A81E9B5376008C4D00 /* UIViewAnimationExtension.swift */; };
/* End PBXBuildFile section */

/* Begin PBXFileReference section */
		3F287A611E9A08B200D848AB /* Eventkit Example.app */ = {isa = PBXFileReference; explicitFileType = wrapper.application; includeInIndex = 0; path = "Eventkit Example.app"; sourceTree = BUILT_PRODUCTS_DIR; };
		3F287A641E9A08B200D848AB /* AppDelegate.swift */ = {isa = PBXFileReference; lastKnownFileType = sourcecode.swift; path = AppDelegate.swift; sourceTree = "<group>"; };
		3F287A661E9A08B200D848AB /* ViewController.swift */ = {isa = PBXFileReference; lastKnownFileType = sourcecode.swift; path = ViewController.swift; sourceTree = "<group>"; };
		3F287A691E9A08B200D848AB /* Base */ = {isa = PBXFileReference; lastKnownFileType = file.storyboard; name = Base; path = Base.lproj/Main.storyboard; sourceTree = "<group>"; };
		3F287A6B1E9A08B200D848AB /* Assets.xcassets */ = {isa = PBXFileReference; lastKnownFileType = folder.assetcatalog; path = Assets.xcassets; sourceTree = "<group>"; };
		3F287A6E1E9A08B200D848AB /* Base */ = {isa = PBXFileReference; lastKnownFileType = file.storyboard; name = Base; path = Base.lproj/LaunchScreen.storyboard; sourceTree = "<group>"; };
		3F287A701E9A08B200D848AB /* Info.plist */ = {isa = PBXFileReference; lastKnownFileType = text.plist.xml; path = Info.plist; sourceTree = "<group>"; };
		3F287A7A1E9A528F00D848AB /* DesignableView.swift */ = {isa = PBXFileReference; fileEncoding = 4; lastKnownFileType = sourcecode.swift; path = DesignableView.swift; sourceTree = "<group>"; };
		3F287A7B1E9A528F00D848AB /* DesignableButton.swift */ = {isa = PBXFileReference; fileEncoding = 4; lastKnownFileType = sourcecode.swift; path = DesignableButton.swift; sourceTree = "<group>"; };
		3F9DD7A81E9B5376008C4D00 /* UIViewAnimationExtension.swift */ = {isa = PBXFileReference; fileEncoding = 4; lastKnownFileType = sourcecode.swift; path = UIViewAnimationExtension.swift; sourceTree = "<group>"; };
/* End PBXFileReference section */

/* Begin PBXFrameworksBuildPhase section */
		3F287A5E1E9A08B200D848AB /* Frameworks */ = {
			isa = PBXFrameworksBuildPhase;
			buildActionMask = 2147483647;
			files = (
			);
			runOnlyForDeploymentPostprocessing = 0;
		};
/* End PBXFrameworksBuildPhase section */

/* Begin PBXGroup section */
		3F287A581E9A08B200D848AB = {
			isa = PBXGroup;
			children = (
				3F287A631E9A08B200D848AB /* Eventkit Example */,
				3F287A621E9A08B200D848AB /* Products */,
			);
			sourceTree = "<group>";
		};
		3F287A621E9A08B200D848AB /* Products */ = {
			isa = PBXGroup;
			children = (
				3F287A611E9A08B200D848AB /* Eventkit Example.app */,
			);
			name = Products;
			sourceTree = "<group>";
		};
		3F287A631E9A08B200D848AB /* Eventkit Example */ = {
			isa = PBXGroup;
			children = (
				3F287A7A1E9A528F00D848AB /* DesignableView.swift */,
				3F287A7B1E9A528F00D848AB /* DesignableButton.swift */,
				3F287A641E9A08B200D848AB /* AppDelegate.swift */,
				3F287A661E9A08B200D848AB /* ViewController.swift */,
				3F287A681E9A08B200D848AB /* Main.storyboard */,
				3F287A6B1E9A08B200D848AB /* Assets.xcassets */,
				3F287A6D1E9A08B200D848AB /* LaunchScreen.storyboard */,
				3F287A701E9A08B200D848AB /* Info.plist */,
				3F9DD7A81E9B5376008C4D00 /* UIViewAnimationExtension.swift */,
			);
			path = "Eventkit Example";
			sourceTree = "<group>";
		};
/* End PBXGroup section */

/* Begin PBXNativeTarget section */
		3F287A601E9A08B200D848AB /* Eventkit Example */ = {
			isa = PBXNativeTarget;
			buildConfigurationList = 3F287A731E9A08B200D848AB /* Build configuration list for PBXNativeTarget "Eventkit Example" */;
			buildPhases = (
				3F287A5D1E9A08B200D848AB /* Sources */,
				3F287A5E1E9A08B200D848AB /* Frameworks */,
				3F287A5F1E9A08B200D848AB /* Resources */,
			);
			buildRules = (
			);
			dependencies = (
			);
			name = "Eventkit Example";
			productName = "Eventkit Example";
			productReference = 3F287A611E9A08B200D848AB /* Eventkit Example.app */;
			productType = "com.apple.product-type.application";
		};
/* End PBXNativeTarget section */

/* Begin PBXProject section */
		3F287A591E9A08B200D848AB /* Project object */ = {
			isa = PBXProject;
			attributes = {
				LastSwiftUpdateCheck = 0820;
				LastUpgradeCheck = 0820;
				ORGANIZATIONNAME = rammhapasekar;
				TargetAttributes = {
					3F287A601E9A08B200D848AB = {
						CreatedOnToolsVersion = 8.2.1;
						DevelopmentTeam = TGFFLFRFNB;
						ProvisioningStyle = Automatic;
					};
				};
			};
			buildConfigurationList = 3F287A5C1E9A08B200D848AB /* Build configuration list for PBXProject "Eventkit Example" */;
			compatibilityVersion = "Xcode 3.2";
			developmentRegion = English;
			hasScannedForEncodings = 0;
			knownRegions = (
				en,
				Base,
			);
			mainGroup = 3F287A581E9A08B200D848AB;
			productRefGroup = 3F287A621E9A08B200D848AB /* Products */;
			projectDirPath = "";
			projectRoot = "";
			targets = (
				3F287A601E9A08B200D848AB /* Eventkit Example */,
			);
		};
/* End PBXProject section */

/* Begin PBXResourcesBuildPhase section */
		3F287A5F1E9A08B200D848AB /* Resources */ = {
			isa = PBXResourcesBuildPhase;
			buildActionMask = 2147483647;
			files = (
				3F287A6F1E9A08B200D848AB /* LaunchScreen.storyboard in Resources */,
				3F287A6C1E9A08B200D848AB /* Assets.xcassets in Resources */,
				3F287A6A1E9A08B200D848AB /* Main.storyboard in Resources */,
			);
			runOnlyForDeploymentPostprocessing = 0;
		};
/* End PBXResourcesBuildPhase section */

/* Begin PBXSourcesBuildPhase section */
		3F287A5D1E9A08B200D848AB /* Sources */ = {
			isa = PBXSourcesBuildPhase;
			buildActionMask = 2147483647;
			files = (
				3F287A671E9A08B200D848AB /* ViewController.swift in Sources */,
				3F287A651E9A08B200D848AB /* AppDelegate.swift in Sources */,
				3F9DD7A91E9B5376008C4D00 /* UIViewAnimationExtension.swift in Sources */,
				3F287A7C1E9A528F00D848AB /* DesignableView.swift in Sources */,
				3F287A7D1E9A528F00D848AB /* DesignableButton.swift in Sources */,
			);
			runOnlyForDeploymentPostprocessing = 0;
		};
/* End PBXSourcesBuildPhase section */

/* Begin PBXVariantGroup section */
		3F287A681E9A08B200D848AB /* Main.storyboard */ = {
			isa = PBXVariantGroup;
			children = (
				3F287A691E9A08B200D848AB /* Base */,
			);
			name = Main.storyboard;
			sourceTree = "<group>";
		};
		3F287A6D1E9A08B200D848AB /* LaunchScreen.storyboard */ = {
			isa = PBXVariantGroup;
			children = (
				3F287A6E1E9A08B200D848AB /* Base */,
			);
			name = LaunchScreen.storyboard;
			sourceTree = "<group>";
		};
/* End PBXVariantGroup section */

/* Begin XCBuildConfiguration section */
		3F287A711E9A08B200D848AB /* Debug */ = {
			isa = XCBuildConfiguration;
			buildSettings = {
				ALWAYS_SEARCH_USER_PATHS = NO;
				CLANG_ANALYZER_NONNULL = YES;
				CLANG_CXX_LANGUAGE_STANDARD = "gnu++0x";
				CLANG_CXX_LIBRARY = "libc++";
				CLANG_ENABLE_MODULES = YES;
				CLANG_ENABLE_OBJC_ARC = YES;
				CLANG_WARN_BOOL_CONVERSION = YES;
				CLANG_WARN_CONSTANT_CONVERSION = YES;
				CLANG_WARN_DIRECT_OBJC_ISA_USAGE = YES_ERROR;
				CLANG_WARN_DOCUMENTATION_COMMENTS = YES;
				CLANG_WARN_EMPTY_BODY = YES;
				CLANG_WARN_ENUM_CONVERSION = YES;
				CLANG_WARN_INFINITE_RECURSION = YES;
				CLANG_WARN_INT_CONVERSION = YES;
				CLANG_WARN_OBJC_ROOT_CLASS = YES_ERROR;
				CLANG_WARN_SUSPICIOUS_MOVE = YES;
				CLANG_WARN_UNREACHABLE_CODE = YES;
				CLANG_WARN__DUPLICATE_METHOD_MATCH = YES;
				"CODE_SIGN_IDENTITY[sdk=iphoneos*]" = "iPhone Developer";
				COPY_PHASE_STRIP = NO;
				DEBUG_INFORMATION_FORMAT = dwarf;
				ENABLE_STRICT_OBJC_MSGSEND = YES;
				ENABLE_TESTABILITY = YES;
				GCC_C_LANGUAGE_STANDARD = gnu99;
				GCC_DYNAMIC_NO_PIC = NO;
				GCC_NO_COMMON_BLOCKS = YES;
				GCC_OPTIMIZATION_LEVEL = 0;
				GCC_PREPROCESSOR_DEFINITIONS = (
					"DEBUG=1",
					"$(inherited)",
				);
				GCC_WARN_64_TO_32_BIT_CONVERSION = YES;
				GCC_WARN_ABOUT_RETURN_TYPE = YES_ERROR;
				GCC_WARN_UNDECLARED_SELECTOR = YES;
				GCC_WARN_UNINITIALIZED_AUTOS = YES_AGGRESSIVE;
				GCC_WARN_UNUSED_FUNCTION = YES;
				GCC_WARN_UNUSED_VARIABLE = YES;
				IPHONEOS_DEPLOYMENT_TARGET = 10.2;
				MTL_ENABLE_DEBUG_INFO = YES;
				ONLY_ACTIVE_ARCH = YES;
				SDKROOT = iphoneos;
				SWIFT_ACTIVE_COMPILATION_CONDITIONS = DEBUG;
				SWIFT_OPTIMIZATION_LEVEL = "-Onone";
				TARGETED_DEVICE_FAMILY = "1,2";
			};
			name = Debug;
		};
		3F287A721E9A08B200D848AB /* Release */ = {
			isa = XCBuildConfiguration;
			buildSettings = {
				ALWAYS_SEARCH_USER_PATHS = NO;
				CLANG_ANALYZER_NONNULL = YES;
				CLANG_CXX_LANGUAGE_STANDARD = "gnu++0x";
				CLANG_CXX_LIBRARY = "libc++";
				CLANG_ENABLE_MODULES = YES;
				CLANG_ENABLE_OBJC_ARC = YES;
				CLANG_WARN_BOOL_CONVERSION = YES;
				CLANG_WARN_CONSTANT_CONVERSION = YES;
				CLANG_WARN_DIRECT_OBJC_ISA_USAGE = YES_ERROR;
				CLANG_WARN_DOCUMENTATION_COMMENTS = YES;
				CLANG_WARN_EMPTY_BODY = YES;
				CLANG_WARN_ENUM_CONVERSION = YES;
				CLANG_WARN_INFINITE_RECURSION = YES;
				CLANG_WARN_INT_CONVERSION = YES;
				CLANG_WARN_OBJC_ROOT_CLASS = YES_ERROR;
				CLANG_WARN_SUSPICIOUS_MOVE = YES;
				CLANG_WARN_UNREACHABLE_CODE = YES;
				CLANG_WARN__DUPLICATE_METHOD_MATCH = YES;
				"CODE_SIGN_IDENTITY[sdk=iphoneos*]" = "iPhone Developer";
				COPY_PHASE_STRIP = NO;
				DEBUG_INFORMATION_FORMAT = "dwarf-with-dsym";
				ENABLE_NS_ASSERTIONS = NO;
				ENABLE_STRICT_OBJC_MSGSEND = YES;
				GCC_C_LANGUAGE_STANDARD = gnu99;
				GCC_NO_COMMON_BLOCKS = YES;
				GCC_WARN_64_TO_32_BIT_CONVERSION = YES;
				GCC_WARN_ABOUT_RETURN_TYPE = YES_ERROR;
				GCC_WARN_UNDECLARED_SELECTOR = YES;
				GCC_WARN_UNINITIALIZED_AUTOS = YES_AGGRESSIVE;
				GCC_WARN_UNUSED_FUNCTION = YES;
				GCC_WARN_UNUSED_VARIABLE = YES;
				IPHONEOS_DEPLOYMENT_TARGET = 10.2;
				MTL_ENABLE_DEBUG_INFO = NO;
				SDKROOT = iphoneos;
				SWIFT_OPTIMIZATION_LEVEL = "-Owholemodule";
				TARGETED_DEVICE_FAMILY = "1,2";
				VALIDATE_PRODUCT = YES;
			};
			name = Release;
		};
		3F287A741E9A08B200D848AB /* Debug */ = {
			isa = XCBuildConfiguration;
			buildSettings = {
				ASSETCATALOG_COMPILER_APPICON_NAME = AppIcon;
				DEVELOPMENT_TEAM = TGFFLFRFNB;
				INFOPLIST_FILE = "Eventkit Example/Info.plist";
				LD_RUNPATH_SEARCH_PATHS = "$(inherited) @executable_path/Frameworks";
				PRODUCT_BUNDLE_IDENTIFIER = "com.rammhapasekar.Eventkit-Example";
				PRODUCT_NAME = "$(TARGET_NAME)";
				SWIFT_VERSION = 3.0;
			};
			name = Debug;
		};
		3F287A751E9A08B200D848AB /* Release */ = {
			isa = XCBuildConfiguration;
			buildSettings = {
				ASSETCATALOG_COMPILER_APPICON_NAME = AppIcon;
				DEVELOPMENT_TEAM = TGFFLFRFNB;
				INFOPLIST_FILE = "Eventkit Example/Info.plist";
				LD_RUNPATH_SEARCH_PATHS = "$(inherited) @executable_path/Frameworks";
				PRODUCT_BUNDLE_IDENTIFIER = "com.rammhapasekar.Eventkit-Example";
				PRODUCT_NAME = "$(TARGET_NAME)";
				SWIFT_VERSION = 3.0;
			};
			name = Release;
		};
/* End XCBuildConfiguration section */

/* Begin XCConfigurationList section */
		3F287A5C1E9A08B200D848AB /* Build configuration list for PBXProject "Eventkit Example" */ = {
			isa = XCConfigurationList;
			buildConfigurations = (
				3F287A711E9A08B200D848AB /* Debug */,
				3F287A721E9A08B200D848AB /* Release */,
			);
			defaultConfigurationIsVisible = 0;
			defaultConfigurationName = Release;
		};
		3F287A731E9A08B200D848AB /* Build configuration list for PBXNativeTarget "Eventkit Example" */ = {
			isa = XCConfigurationList;
			buildConfigurations = (
				3F287A741E9A08B200D848AB /* Debug */,
				3F287A751E9A08B200D848AB /* Release */,
			);
			defaultConfigurationIsVisible = 0;
			defaultConfigurationName = Release;
		};
/* End XCConfigurationList section */
	};
	rootObject = 3F287A591E9A08B200D848AB /* Project object */;
}
